// !$*UTF8*$!
{
	archiveVersion = 1;
	classes = {
	};
	objectVersion = 77;
	objects = {

/* Begin PBXContainerItemProxy section */
		27B57BA82D0784F000F1E263 /* PBXContainerItemProxy */ = {
			isa = PBXContainerItemProxy;
			containerPortal = 27B57B8F2D0784ED00F1E263 /* Project object */;
			proxyType = 1;
			remoteGlobalIDString = 27B57B962D0784ED00F1E263;
			remoteInfo = CryptoTrends;
		};
		27B57BB22D0784F000F1E263 /* PBXContainerItemProxy */ = {
			isa = PBXContainerItemProxy;
			containerPortal = 27B57B8F2D0784ED00F1E263 /* Project object */;
			proxyType = 1;
			remoteGlobalIDString = 27B57B962D0784ED00F1E263;
			remoteInfo = CryptoTrends;
		};
/* End PBXContainerItemProxy section */

/* Begin PBXFileReference section */
		27B57B972D0784ED00F1E263 /* CryptoTrends.app */ = {isa = PBXFileReference; explicitFileType = wrapper.application; includeInIndex = 0; path = CryptoTrends.app; sourceTree = BUILT_PRODUCTS_DIR; };
		27B57BA72D0784F000F1E263 /* CryptoTrendsTests.xctest */ = {isa = PBXFileReference; explicitFileType = wrapper.cfbundle; includeInIndex = 0; path = CryptoTrendsTests.xctest; sourceTree = BUILT_PRODUCTS_DIR; };
		27B57BB12D0784F000F1E263 /* CryptoTrendsUITests.xctest */ = {isa = PBXFileReference; explicitFileType = wrapper.cfbundle; includeInIndex = 0; path = CryptoTrendsUITests.xctest; sourceTree = BUILT_PRODUCTS_DIR; };
/* End PBXFileReference section */

/* Begin PBXFileSystemSynchronizedRootGroup section */
		27B57B992D0784ED00F1E263 /* CryptoTrends */ = {
			isa = PBXFileSystemSynchronizedRootGroup;
			path = CryptoTrends;
			sourceTree = "<group>";
		};
		27B57BAA2D0784F000F1E263 /* CryptoTrendsTests */ = {
			isa = PBXFileSystemSynchronizedRootGroup;
			path = CryptoTrendsTests;
			sourceTree = "<group>";
		};
		27B57BB42D0784F000F1E263 /* CryptoTrendsUITests */ = {
			isa = PBXFileSystemSynchronizedRootGroup;
			path = CryptoTrendsUITests;
			sourceTree = "<group>";
		};
/* End PBXFileSystemSynchronizedRootGroup section */

/* Begin PBXFrameworksBuildPhase section */
		27B57B942D0784ED00F1E263 /* Frameworks */ = {
			isa = PBXFrameworksBuildPhase;
			buildActionMask = 2147483647;
			files = (
			);
			runOnlyForDeploymentPostprocessing = 0;
		};
		27B57BA42D0784F000F1E263 /* Frameworks */ = {
			isa = PBXFrameworksBuildPhase;
			buildActionMask = 2147483647;
			files = (
			);
			runOnlyForDeploymentPostprocessing = 0;
		};
		27B57BAE2D0784F000F1E263 /* Frameworks */ = {
			isa = PBXFrameworksBuildPhase;
			buildActionMask = 2147483647;
			files = (
			);
			runOnlyForDeploymentPostprocessing = 0;
		};
/* End PBXFrameworksBuildPhase section */

/* Begin PBXGroup section */
		27B57B8E2D0784ED00F1E263 = {
			isa = PBXGroup;
			children = (
				27B57B992D0784ED00F1E263 /* CryptoTrends */,
				27B57BAA2D0784F000F1E263 /* CryptoTrendsTests */,
				27B57BB42D0784F000F1E263 /* CryptoTrendsUITests */,
				27B57B982D0784ED00F1E263 /* Products */,
			);
			sourceTree = "<group>";
		};
		27B57B982D0784ED00F1E263 /* Products */ = {
			isa = PBXGroup;
			children = (
				27B57B972D0784ED00F1E263 /* CryptoTrends.app */,
				27B57BA72D0784F000F1E263 /* CryptoTrendsTests.xctest */,
				27B57BB12D0784F000F1E263 /* CryptoTrendsUITests.xctest */,
			);
			name = Products;
			sourceTree = "<group>";
		};
/* End PBXGroup section */

/* Begin PBXNativeTarget section */
		27B57B962D0784ED00F1E263 /* CryptoTrends */ = {
			isa = PBXNativeTarget;
			buildConfigurationList = 27B57BBB2D0784F000F1E263 /* Build configuration list for PBXNativeTarget "CryptoTrends" */;
			buildPhases = (
				27B57B932D0784ED00F1E263 /* Sources */,
				27B57B942D0784ED00F1E263 /* Frameworks */,
				27B57B952D0784ED00F1E263 /* Resources */,
			);
			buildRules = (
			);
			dependencies = (
			);
			fileSystemSynchronizedGroups = (
				27B57B992D0784ED00F1E263 /* CryptoTrends */,
			);
			name = CryptoTrends;
			packageProductDependencies = (
			);
			productName = CryptoTrends;
			productReference = 27B57B972D0784ED00F1E263 /* CryptoTrends.app */;
			productType = "com.apple.product-type.application";
		};
		27B57BA62D0784F000F1E263 /* CryptoTrendsTests */ = {
			isa = PBXNativeTarget;
			buildConfigurationList = 27B57BBE2D0784F000F1E263 /* Build configuration list for PBXNativeTarget "CryptoTrendsTests" */;
			buildPhases = (
				27B57BA32D0784F000F1E263 /* Sources */,
				27B57BA42D0784F000F1E263 /* Frameworks */,
				27B57BA52D0784F000F1E263 /* Resources */,
			);
			buildRules = (
			);
			dependencies = (
				27B57BA92D0784F000F1E263 /* PBXTargetDependency */,
			);
			fileSystemSynchronizedGroups = (
				27B57BAA2D0784F000F1E263 /* CryptoTrendsTests */,
			);
			name = CryptoTrendsTests;
			packageProductDependencies = (
			);
			productName = CryptoTrendsTests;
			productReference = 27B57BA72D0784F000F1E263 /* CryptoTrendsTests.xctest */;
			productType = "com.apple.product-type.bundle.unit-test";
		};
		27B57BB02D0784F000F1E263 /* CryptoTrendsUITests */ = {
			isa = PBXNativeTarget;
			buildConfigurationList = 27B57BC12D0784F000F1E263 /* Build configuration list for PBXNativeTarget "CryptoTrendsUITests" */;
			buildPhases = (
				27B57BAD2D0784F000F1E263 /* Sources */,
				27B57BAE2D0784F000F1E263 /* Frameworks */,
				27B57BAF2D0784F000F1E263 /* Resources */,
			);
			buildRules = (
			);
			dependencies = (
				27B57BB32D0784F000F1E263 /* PBXTargetDependency */,
			);
			fileSystemSynchronizedGroups = (
				27B57BB42D0784F000F1E263 /* CryptoTrendsUITests */,
			);
			name = CryptoTrendsUITests;
			packageProductDependencies = (
			);
			productName = CryptoTrendsUITests;
			productReference = 27B57BB12D0784F000F1E263 /* CryptoTrendsUITests.xctest */;
			productType = "com.apple.product-type.bundle.ui-testing";
		};
/* End PBXNativeTarget section */

/* Begin PBXProject section */
		27B57B8F2D0784ED00F1E263 /* Project object */ = {
			isa = PBXProject;
			attributes = {
				BuildIndependentTargetsInParallel = 1;
				LastSwiftUpdateCheck = 1600;
				LastUpgradeCheck = 1600;
				TargetAttributes = {
					27B57B962D0784ED00F1E263 = {
						CreatedOnToolsVersion = 16.0;
					};
					27B57BA62D0784F000F1E263 = {
						CreatedOnToolsVersion = 16.0;
						TestTargetID = 27B57B962D0784ED00F1E263;
					};
					27B57BB02D0784F000F1E263 = {
						CreatedOnToolsVersion = 16.0;
						TestTargetID = 27B57B962D0784ED00F1E263;
					};
				};
			};
			buildConfigurationList = 27B57B922D0784ED00F1E263 /* Build configuration list for PBXProject "CryptoTrends" */;
			developmentRegion = en;
			hasScannedForEncodings = 0;
			knownRegions = (
				en,
				Base,
			);
			mainGroup = 27B57B8E2D0784ED00F1E263;
			minimizedProjectReferenceProxies = 1;
			preferredProjectObjectVersion = 77;
			productRefGroup = 27B57B982D0784ED00F1E263 /* Products */;
			projectDirPath = "";
			projectRoot = "";
			targets = (
				27B57B962D0784ED00F1E263 /* CryptoTrends */,
				27B57BA62D0784F000F1E263 /* CryptoTrendsTests */,
				27B57BB02D0784F000F1E263 /* CryptoTrendsUITests */,
			);
		};
/* End PBXProject section */

/* Begin PBXResourcesBuildPhase section */
		27B57B952D0784ED00F1E263 /* Resources */ = {
			isa = PBXResourcesBuildPhase;
			buildActionMask = 2147483647;
			files = (
			);
			runOnlyForDeploymentPostprocessing = 0;
		};
		27B57BA52D0784F000F1E263 /* Resources */ = {
			isa = PBXResourcesBuildPhase;
			buildActionMask = 2147483647;
			files = (
			);
			runOnlyForDeploymentPostprocessing = 0;
		};
		27B57BAF2D0784F000F1E263 /* Resources */ = {
			isa = PBXResourcesBuildPhase;
			buildActionMask = 2147483647;
			files = (
			);
			runOnlyForDeploymentPostprocessing = 0;
		};
/* End PBXResourcesBuildPhase section */

/* Begin PBXSourcesBuildPhase section */
		27B57B932D0784ED00F1E263 /* Sources */ = {
			isa = PBXSourcesBuildPhase;
			buildActionMask = 2147483647;
			files = (
			);
			runOnlyForDeploymentPostprocessing = 0;
		};
		27B57BA32D0784F000F1E263 /* Sources */ = {
			isa = PBXSourcesBuildPhase;
			buildActionMask = 2147483647;
			files = (
			);
			runOnlyForDeploymentPostprocessing = 0;
		};
		27B57BAD2D0784F000F1E263 /* Sources */ = {
			isa = PBXSourcesBuildPhase;
			buildActionMask = 2147483647;
			files = (
			);
			runOnlyForDeploymentPostprocessing = 0;
		};
/* End PBXSourcesBuildPhase section */

/* Begin PBXTargetDependency section */
		27B57BA92D0784F000F1E263 /* PBXTargetDependency */ = {
			isa = PBXTargetDependency;
			target = 27B57B962D0784ED00F1E263 /* CryptoTrends */;
			targetProxy = 27B57BA82D0784F000F1E263 /* PBXContainerItemProxy */;
		};
		27B57BB32D0784F000F1E263 /* PBXTargetDependency */ = {
			isa = PBXTargetDependency;
			target = 27B57B962D0784ED00F1E263 /* CryptoTrends */;
			targetProxy = 27B57BB22D0784F000F1E263 /* PBXContainerItemProxy */;
		};
/* End PBXTargetDependency section */

/* Begin XCBuildConfiguration section */
		27B57BB92D0784F000F1E263 /* Debug */ = {
			isa = XCBuildConfiguration;
			buildSettings = {
				ALWAYS_SEARCH_USER_PATHS = NO;
				ASSETCATALOG_COMPILER_GENERATE_SWIFT_ASSET_SYMBOL_EXTENSIONS = YES;
				CLANG_ANALYZER_NONNULL = YES;
				CLANG_ANALYZER_NUMBER_OBJECT_CONVERSION = YES_AGGRESSIVE;
				CLANG_CXX_LANGUAGE_STANDARD = "gnu++20";
				CLANG_ENABLE_MODULES = YES;
				CLANG_ENABLE_OBJC_ARC = YES;
				CLANG_ENABLE_OBJC_WEAK = YES;
				CLANG_WARN_BLOCK_CAPTURE_AUTORELEASING = YES;
				CLANG_WARN_BOOL_CONVERSION = YES;
				CLANG_WARN_COMMA = YES;
				CLANG_WARN_CONSTANT_CONVERSION = YES;
				CLANG_WARN_DEPRECATED_OBJC_IMPLEMENTATIONS = YES;
				CLANG_WARN_DIRECT_OBJC_ISA_USAGE = YES_ERROR;
				CLANG_WARN_DOCUMENTATION_COMMENTS = YES;
				CLANG_WARN_EMPTY_BODY = YES;
				CLANG_WARN_ENUM_CONVERSION = YES;
				CLANG_WARN_INFINITE_RECURSION = YES;
				CLANG_WARN_INT_CONVERSION = YES;
				CLANG_WARN_NON_LITERAL_NULL_CONVERSION = YES;
				CLANG_WARN_OBJC_IMPLICIT_RETAIN_SELF = YES;
				CLANG_WARN_OBJC_LITERAL_CONVERSION = YES;
				CLANG_WARN_OBJC_ROOT_CLASS = YES_ERROR;
				CLANG_WARN_QUOTED_INCLUDE_IN_FRAMEWORK_HEADER = YES;
				CLANG_WARN_RANGE_LOOP_ANALYSIS = YES;
				CLANG_WARN_STRICT_PROTOTYPES = YES;
				CLANG_WARN_SUSPICIOUS_MOVE = YES;
				CLANG_WARN_UNGUARDED_AVAILABILITY = YES_AGGRESSIVE;
				CLANG_WARN_UNREACHABLE_CODE = YES;
				CLANG_WARN__DUPLICATE_METHOD_MATCH = YES;
				COPY_PHASE_STRIP = NO;
				DEBUG_INFORMATION_FORMAT = dwarf;
				ENABLE_STRICT_OBJC_MSGSEND = YES;
				ENABLE_TESTABILITY = YES;
				ENABLE_USER_SCRIPT_SANDBOXING = YES;
				GCC_C_LANGUAGE_STANDARD = gnu17;
				GCC_DYNAMIC_NO_PIC = NO;
				GCC_NO_COMMON_BLOCKS = YES;
				GCC_OPTIMIZATION_LEVEL = 0;
				GCC_PREPROCESSOR_DEFINITIONS = (
					"DEBUG=1",
					"$(inherited)",
				);
				GCC_WARN_64_TO_32_BIT_CONVERSION = YES;
				GCC_WARN_ABOUT_RETURN_TYPE = YES_ERROR;
				GCC_WARN_UNDECLARED_SELECTOR = YES;
				GCC_WARN_UNINITIALIZED_AUTOS = YES_AGGRESSIVE;
				GCC_WARN_UNUSED_FUNCTION = YES;
				GCC_WARN_UNUSED_VARIABLE = YES;
				IPHONEOS_DEPLOYMENT_TARGET = 18.0;
				LOCALIZATION_PREFERS_STRING_CATALOGS = YES;
				MTL_ENABLE_DEBUG_INFO = INCLUDE_SOURCE;
				MTL_FAST_MATH = YES;
				ONLY_ACTIVE_ARCH = YES;
				SDKROOT = iphoneos;
				SWIFT_ACTIVE_COMPILATION_CONDITIONS = "DEBUG $(inherited)";
				SWIFT_OPTIMIZATION_LEVEL = "-Onone";
			};
			name = Debug;
		};
		27B57BBA2D0784F000F1E263 /* Release */ = {
			isa = XCBuildConfiguration;
			buildSettings = {
				ALWAYS_SEARCH_USER_PATHS = NO;
				ASSETCATALOG_COMPILER_GENERATE_SWIFT_ASSET_SYMBOL_EXTENSIONS = YES;
				CLANG_ANALYZER_NONNULL = YES;
				CLANG_ANALYZER_NUMBER_OBJECT_CONVERSION = YES_AGGRESSIVE;
				CLANG_CXX_LANGUAGE_STANDARD = "gnu++20";
				CLANG_ENABLE_MODULES = YES;
				CLANG_ENABLE_OBJC_ARC = YES;
				CLANG_ENABLE_OBJC_WEAK = YES;
				CLANG_WARN_BLOCK_CAPTURE_AUTORELEASING = YES;
				CLANG_WARN_BOOL_CONVERSION = YES;
				CLANG_WARN_COMMA = YES;
				CLANG_WARN_CONSTANT_CONVERSION = YES;
				CLANG_WARN_DEPRECATED_OBJC_IMPLEMENTATIONS = YES;
				CLANG_WARN_DIRECT_OBJC_ISA_USAGE = YES_ERROR;
				CLANG_WARN_DOCUMENTATION_COMMENTS = YES;
				CLANG_WARN_EMPTY_BODY = YES;
				CLANG_WARN_ENUM_CONVERSION = YES;
				CLANG_WARN_INFINITE_RECURSION = YES;
				CLANG_WARN_INT_CONVERSION = YES;
				CLANG_WARN_NON_LITERAL_NULL_CONVERSION = YES;
				CLANG_WARN_OBJC_IMPLICIT_RETAIN_SELF = YES;
				CLANG_WARN_OBJC_LITERAL_CONVERSION = YES;
				CLANG_WARN_OBJC_ROOT_CLASS = YES_ERROR;
				CLANG_WARN_QUOTED_INCLUDE_IN_FRAMEWORK_HEADER = YES;
				CLANG_WARN_RANGE_LOOP_ANALYSIS = YES;
				CLANG_WARN_STRICT_PROTOTYPES = YES;
				CLANG_WARN_SUSPICIOUS_MOVE = YES;
				CLANG_WARN_UNGUARDED_AVAILABILITY = YES_AGGRESSIVE;
				CLANG_WARN_UNREACHABLE_CODE = YES;
				CLANG_WARN__DUPLICATE_METHOD_MATCH = YES;
				COPY_PHASE_STRIP = NO;
				DEBUG_INFORMATION_FORMAT = "dwarf-with-dsym";
				ENABLE_NS_ASSERTIONS = NO;
				ENABLE_STRICT_OBJC_MSGSEND = YES;
				ENABLE_USER_SCRIPT_SANDBOXING = YES;
				GCC_C_LANGUAGE_STANDARD = gnu17;
				GCC_NO_COMMON_BLOCKS = YES;
				GCC_WARN_64_TO_32_BIT_CONVERSION = YES;
				GCC_WARN_ABOUT_RETURN_TYPE = YES_ERROR;
				GCC_WARN_UNDECLARED_SELECTOR = YES;
				GCC_WARN_UNINITIALIZED_AUTOS = YES_AGGRESSIVE;
				GCC_WARN_UNUSED_FUNCTION = YES;
				GCC_WARN_UNUSED_VARIABLE = YES;
				IPHONEOS_DEPLOYMENT_TARGET = 18.0;
				LOCALIZATION_PREFERS_STRING_CATALOGS = YES;
				MTL_ENABLE_DEBUG_INFO = NO;
				MTL_FAST_MATH = YES;
				SDKROOT = iphoneos;
				SWIFT_COMPILATION_MODE = wholemodule;
				VALIDATE_PRODUCT = YES;
			};
			name = Release;
		};
		27B57BBC2D0784F000F1E263 /* Debug */ = {
			isa = XCBuildConfiguration;
			buildSettings = {
				ASSETCATALOG_COMPILER_APPICON_NAME = AppIcon;
				ASSETCATALOG_COMPILER_GLOBAL_ACCENT_COLOR_NAME = AccentColor;
				CODE_SIGN_STYLE = Automatic;
				CURRENT_PROJECT_VERSION = 1;
				DEVELOPMENT_ASSET_PATHS = "\"CryptoTrends/Preview Content\"";
				DEVELOPMENT_TEAM = 57966TCKM2;
				ENABLE_PREVIEWS = YES;
				GENERATE_INFOPLIST_FILE = YES;
				INFOPLIST_KEY_UIApplicationSceneManifest_Generation = YES;
				INFOPLIST_KEY_UIApplicationSupportsIndirectInputEvents = YES;
				INFOPLIST_KEY_UILaunchScreen_Generation = YES;
				INFOPLIST_KEY_UISupportedInterfaceOrientations_iPad = "UIInterfaceOrientationPortrait UIInterfaceOrientationPortraitUpsideDown UIInterfaceOrientationLandscapeLeft UIInterfaceOrientationLandscapeRight";
				INFOPLIST_KEY_UISupportedInterfaceOrientations_iPhone = "UIInterfaceOrientationPortrait UIInterfaceOrientationLandscapeLeft UIInterfaceOrientationLandscapeRight";
				LD_RUNPATH_SEARCH_PATHS = (
					"$(inherited)",
					"@executable_path/Frameworks",
				);
				MARKETING_VERSION = 1.0;
				PRODUCT_BUNDLE_IDENTIFIER = com.tc.CryptoTrends;
				PRODUCT_NAME = "$(TARGET_NAME)";
				SWIFT_EMIT_LOC_STRINGS = YES;
				SWIFT_VERSION = 5.0;
				TARGETED_DEVICE_FAMILY = "1,2";
			};
			name = Debug;
		};
		27B57BBD2D0784F000F1E263 /* Release */ = {
			isa = XCBuildConfiguration;
			buildSettings = {
				ASSETCATALOG_COMPILER_APPICON_NAME = AppIcon;
				ASSETCATALOG_COMPILER_GLOBAL_ACCENT_COLOR_NAME = AccentColor;
				CODE_SIGN_STYLE = Automatic;
				CURRENT_PROJECT_VERSION = 1;
				DEVELOPMENT_ASSET_PATHS = "\"CryptoTrends/Preview Content\"";
				DEVELOPMENT_TEAM = 57966TCKM2;
				ENABLE_PREVIEWS = YES;
				GENERATE_INFOPLIST_FILE = YES;
				INFOPLIST_KEY_UIApplicationSceneManifest_Generation = YES;
				INFOPLIST_KEY_UIApplicationSupportsIndirectInputEvents = YES;
				INFOPLIST_KEY_UILaunchScreen_Generation = YES;
				INFOPLIST_KEY_UISupportedInterfaceOrientations_iPad = "UIInterfaceOrientationPortrait UIInterfaceOrientationPortraitUpsideDown UIInterfaceOrientationLandscapeLeft UIInterfaceOrientationLandscapeRight";
				INFOPLIST_KEY_UISupportedInterfaceOrientations_iPhone = "UIInterfaceOrientationPortrait UIInterfaceOrientationLandscapeLeft UIInterfaceOrientationLandscapeRight";
				LD_RUNPATH_SEARCH_PATHS = (
					"$(inherited)",
					"@executable_path/Frameworks",
				);
				MARKETING_VERSION = 1.0;
				PRODUCT_BUNDLE_IDENTIFIER = com.tc.CryptoTrends;
				PRODUCT_NAME = "$(TARGET_NAME)";
				SWIFT_EMIT_LOC_STRINGS = YES;
				SWIFT_VERSION = 5.0;
				TARGETED_DEVICE_FAMILY = "1,2";
			};
			name = Release;
		};
		27B57BBF2D0784F000F1E263 /* Debug */ = {
			isa = XCBuildConfiguration;
			buildSettings = {
				BUNDLE_LOADER = "$(TEST_HOST)";
				CODE_SIGN_STYLE = Automatic;
				CURRENT_PROJECT_VERSION = 1;
				DEVELOPMENT_TEAM = 57966TCKM2;
				GENERATE_INFOPLIST_FILE = YES;
				IPHONEOS_DEPLOYMENT_TARGET = 18.0;
				MARKETING_VERSION = 1.0;
				PRODUCT_BUNDLE_IDENTIFIER = com.tc.CryptoTrendsTests;
				PRODUCT_NAME = "$(TARGET_NAME)";
				SWIFT_EMIT_LOC_STRINGS = NO;
				SWIFT_VERSION = 5.0;
				TARGETED_DEVICE_FAMILY = "1,2";
				TEST_HOST = "$(BUILT_PRODUCTS_DIR)/CryptoTrends.app/$(BUNDLE_EXECUTABLE_FOLDER_PATH)/CryptoTrends";
			};
			name = Debug;
		};
		27B57BC02D0784F000F1E263 /* Release */ = {
			isa = XCBuildConfiguration;
			buildSettings = {
				BUNDLE_LOADER = "$(TEST_HOST)";
				CODE_SIGN_STYLE = Automatic;
				CURRENT_PROJECT_VERSION = 1;
				DEVELOPMENT_TEAM = 57966TCKM2;
				GENERATE_INFOPLIST_FILE = YES;
				IPHONEOS_DEPLOYMENT_TARGET = 18.0;
				MARKETING_VERSION = 1.0;
				PRODUCT_BUNDLE_IDENTIFIER = com.tc.CryptoTrendsTests;
				PRODUCT_NAME = "$(TARGET_NAME)";
				SWIFT_EMIT_LOC_STRINGS = NO;
				SWIFT_VERSION = 5.0;
				TARGETED_DEVICE_FAMILY = "1,2";
				TEST_HOST = "$(BUILT_PRODUCTS_DIR)/CryptoTrends.app/$(BUNDLE_EXECUTABLE_FOLDER_PATH)/CryptoTrends";
			};
			name = Release;
		};
		27B57BC22D0784F000F1E263 /* Debug */ = {
			isa = XCBuildConfiguration;
			buildSettings = {
				CODE_SIGN_STYLE = Automatic;
				CURRENT_PROJECT_VERSION = 1;
				DEVELOPMENT_TEAM = 57966TCKM2;
				GENERATE_INFOPLIST_FILE = YES;
				MARKETING_VERSION = 1.0;
				PRODUCT_BUNDLE_IDENTIFIER = com.tc.CryptoTrendsUITests;
				PRODUCT_NAME = "$(TARGET_NAME)";
				SWIFT_EMIT_LOC_STRINGS = NO;
				SWIFT_VERSION = 5.0;
				TARGETED_DEVICE_FAMILY = "1,2";
				TEST_TARGET_NAME = CryptoTrends;
			};
			name = Debug;
		};
		27B57BC32D0784F000F1E263 /* Release */ = {
			isa = XCBuildConfiguration;
			buildSettings = {
				CODE_SIGN_STYLE = Automatic;
				CURRENT_PROJECT_VERSION = 1;
				DEVELOPMENT_TEAM = 57966TCKM2;
				GENERATE_INFOPLIST_FILE = YES;
				MARKETING_VERSION = 1.0;
				PRODUCT_BUNDLE_IDENTIFIER = com.tc.CryptoTrendsUITests;
				PRODUCT_NAME = "$(TARGET_NAME)";
				SWIFT_EMIT_LOC_STRINGS = NO;
				SWIFT_VERSION = 5.0;
				TARGETED_DEVICE_FAMILY = "1,2";
				TEST_TARGET_NAME = CryptoTrends;
			};
			name = Release;
		};
/* End XCBuildConfiguration section */

/* Begin XCConfigurationList section */
		27B57B922D0784ED00F1E263 /* Build configuration list for PBXProject "CryptoTrends" */ = {
			isa = XCConfigurationList;
			buildConfigurations = (
				27B57BB92D0784F000F1E263 /* Debug */,
				27B57BBA2D0784F000F1E263 /* Release */,
			);
			defaultConfigurationIsVisible = 0;
			defaultConfigurationName = Release;
		};
		27B57BBB2D0784F000F1E263 /* Build configuration list for PBXNativeTarget "CryptoTrends" */ = {
			isa = XCConfigurationList;
			buildConfigurations = (
				27B57BBC2D0784F000F1E263 /* Debug */,
				27B57BBD2D0784F000F1E263 /* Release */,
			);
			defaultConfigurationIsVisible = 0;
			defaultConfigurationName = Release;
		};
		27B57BBE2D0784F000F1E263 /* Build configuration list for PBXNativeTarget "CryptoTrendsTests" */ = {
			isa = XCConfigurationList;
			buildConfigurations = (
				27B57BBF2D0784F000F1E263 /* Debug */,
				27B57BC02D0784F000F1E263 /* Release */,
			);
			defaultConfigurationIsVisible = 0;
			defaultConfigurationName = Release;
		};
		27B57BC12D0784F000F1E263 /* Build configuration list for PBXNativeTarget "CryptoTrendsUITests" */ = {
			isa = XCConfigurationList;
			buildConfigurations = (
				27B57BC22D0784F000F1E263 /* Debug */,
				27B57BC32D0784F000F1E263 /* Release */,
			);
			defaultConfigurationIsVisible = 0;
			defaultConfigurationName = Release;
		};
/* End XCConfigurationList section */
	};
	rootObject = 27B57B8F2D0784ED00F1E263 /* Project object */;
}
